
Microsoft Visual Studio Solution File, Format Version 12.00
# Visual Studio Version 17
VisualStudioVersion = 17.14.36203.30 d17.14
MinimumVisualStudioVersion = 10.0.40219.1
Project("{FAE04EC0-301F-11D3-BF4B-00C04F79EFBC}") = "Ejercicio_1", "Ejercicio_1\Ejercicio_1.csproj", "{0A5E8489-74C1-4B0D-BD23-706AB519596D}"
EndProject
Global
	GlobalSection(SolutionConfigurationPlatforms) = preSolution
		Debug|Any CPU = Debug|Any CPU
		Release|Any CPU = Release|Any CPU
	EndGlobalSection
	GlobalSection(ProjectConfigurationPlatforms) = postSolution
		{0A5E8489-74C1-4B0D-BD23-706AB519596D}.Debug|Any CPU.ActiveCfg = Debug|Any CPU
		{0A5E8489-74C1-4B0D-BD23-706AB519596D}.Debug|Any CPU.Build.0 = Debug|Any CPU
		{0A5E8489-74C1-4B0D-BD23-706AB519596D}.Release|Any CPU.ActiveCfg = Release|Any CPU
		{0A5E8489-74C1-4B0D-BD23-706AB519596D}.Release|Any CPU.Build.0 = Release|Any CPU
	EndGlobalSection
	GlobalSection(SolutionProperties) = preSolution
		HideSolutionNode = FALSE
	EndGlobalSection
	GlobalSection(ExtensibilityGlobals) = postSolution
		SolutionGuid = {EA7E2350-ECA4-4676-B50D-09F30D2FB88C}
	EndGlobalSection
EndGlobal
